// !$*UTF8*$!
{
	archiveVersion = 1;
	classes = {
	};
	objectVersion = 55;
	objects = {

/* Begin PBXBuildFile section */
		34EFDAB3CDB904402C9A4921 /* libPods-OCTools.a in Frameworks */ = {isa = PBXBuildFile; fileRef = 1D0B4649436608D22BC47675 /* libPods-OCTools.a */; };
		6D96906927F7248A00678EAD /* LCOtherToolsViewController.m in Sources */ = {isa = PBXBuildFile; fileRef = 6D96906827F7248A00678EAD /* LCOtherToolsViewController.m */; };
		6D96906C27F932B800678EAD /* LCAIRoomLeftView.m in Sources */ = {isa = PBXBuildFile; fileRef = 6D96906B27F932B800678EAD /* LCAIRoomLeftView.m */; };
		6D96907027F93F5C00678EAD /* LCCaculatorViewController.m in Sources */ = {isa = PBXBuildFile; fileRef = 6D96906F27F93F5C00678EAD /* LCCaculatorViewController.m */; };
		911E42E327F82E1F0088FCDF /* ThreeLevelLinkageViewController.m in Sources */ = {isa = PBXBuildFile; fileRef = 911E42DA27F82E1F0088FCDF /* ThreeLevelLinkageViewController.m */; };
		911E42E427F82E1F0088FCDF /* city.plist in Resources */ = {isa = PBXBuildFile; fileRef = 911E42DB27F82E1F0088FCDF /* city.plist */; };
		911E42E527F82E1F0088FCDF /* SelectFirstView.m in Sources */ = {isa = PBXBuildFile; fileRef = 911E42E027F82E1F0088FCDF /* SelectFirstView.m */; };
		911E42E627F82E1F0088FCDF /* ThreeLevelLinkageSelectView.m in Sources */ = {isa = PBXBuildFile; fileRef = 911E42E127F82E1F0088FCDF /* ThreeLevelLinkageSelectView.m */; };
		911E42EA27F84B2D0088FCDF /* LCAIRoomViewController.m in Sources */ = {isa = PBXBuildFile; fileRef = 911E42E927F84B2D0088FCDF /* LCAIRoomViewController.m */; };
		916A337D2828B1EA00898E3C /* OTLAfterClassSheetVideoCollectionCell.m in Sources */ = {isa = PBXBuildFile; fileRef = 916A337C2828B1EA00898E3C /* OTLAfterClassSheetVideoCollectionCell.m */; };
		916A33812828E80600898E3C /* OTLAfterClassSheetPianoTaskCollectionCell.m in Sources */ = {isa = PBXBuildFile; fileRef = 916A337F2828E80600898E3C /* OTLAfterClassSheetPianoTaskCollectionCell.m */; };
		916A33822828E80600898E3C /* OTLAfterClassSheetPianoTaskCollectionCell.xib in Resources */ = {isa = PBXBuildFile; fileRef = 916A33802828E80600898E3C /* OTLAfterClassSheetPianoTaskCollectionCell.xib */; };
		916A33852828F05A00898E3C /* OTLPianoTaskChooseCommonView.m in Sources */ = {isa = PBXBuildFile; fileRef = 916A33842828F05A00898E3C /* OTLPianoTaskChooseCommonView.m */; };
		9198BFA227F594C800BC069F /* AppDelegate.m in Sources */ = {isa = PBXBuildFile; fileRef = 9198BFA127F594C800BC069F /* AppDelegate.m */; };
		9198BFA527F594C800BC069F /* SceneDelegate.m in Sources */ = {isa = PBXBuildFile; fileRef = 9198BFA427F594C800BC069F /* SceneDelegate.m */; };
		9198BFA827F594C800BC069F /* ViewController.m in Sources */ = {isa = PBXBuildFile; fileRef = 9198BFA727F594C800BC069F /* ViewController.m */; };
		9198BFAB27F594C800BC069F /* Main.storyboard in Resources */ = {isa = PBXBuildFile; fileRef = 9198BFA927F594C800BC069F /* Main.storyboard */; };
		9198BFAD27F594CA00BC069F /* Assets.xcassets in Resources */ = {isa = PBXBuildFile; fileRef = 9198BFAC27F594CA00BC069F /* Assets.xcassets */; };
		9198BFB027F594CA00BC069F /* LaunchScreen.storyboard in Resources */ = {isa = PBXBuildFile; fileRef = 9198BFAE27F594CA00BC069F /* LaunchScreen.storyboard */; };
		9198BFB327F594CA00BC069F /* main.m in Sources */ = {isa = PBXBuildFile; fileRef = 9198BFB227F594CA00BC069F /* main.m */; };
		9198BFBF27F5992000BC069F /* launch.png in Resources */ = {isa = PBXBuildFile; fileRef = 9198BFBE27F5992000BC069F /* launch.png */; };
		9198BFC327F59CE100BC069F /* LCMainTabBar.m in Sources */ = {isa = PBXBuildFile; fileRef = 9198BFC227F59CE100BC069F /* LCMainTabBar.m */; };
		9198BFC927F6A11B00BC069F /* LCLoginViewController.m in Sources */ = {isa = PBXBuildFile; fileRef = 9198BFC827F6A11B00BC069F /* LCLoginViewController.m */; };
		9198BFD127F6A67B00BC069F /* LCMainTabBarController.m in Sources */ = {isa = PBXBuildFile; fileRef = 9198BFCF27F6A67B00BC069F /* LCMainTabBarController.m */; };
		9198BFDB27F6A92100BC069F /* LCSquareViewController.m in Sources */ = {isa = PBXBuildFile; fileRef = 9198BFDA27F6A92100BC069F /* LCSquareViewController.m */; };
		9198BFDE27F6A92D00BC069F /* LCDiscoveryViewController.m in Sources */ = {isa = PBXBuildFile; fileRef = 9198BFDD27F6A92D00BC069F /* LCDiscoveryViewController.m */; };
		9198BFE127F6A93A00BC069F /* LCEntertainmentViewController.m in Sources */ = {isa = PBXBuildFile; fileRef = 9198BFE027F6A93A00BC069F /* LCEntertainmentViewController.m */; };
		9198BFE427F6A94200BC069F /* LCMineViewController.m in Sources */ = {isa = PBXBuildFile; fileRef = 9198BFE327F6A94200BC069F /* LCMineViewController.m */; };
		9198BFE827F6ABD800BC069F /* UIImage+Tool.m in Sources */ = {isa = PBXBuildFile; fileRef = 9198BFE727F6ABD800BC069F /* UIImage+Tool.m */; };
		9198BFEB27F6F71300BC069F /* LCSquareTableViewCell.m in Sources */ = {isa = PBXBuildFile; fileRef = 9198BFEA27F6F71300BC069F /* LCSquareTableViewCell.m */; };
		9198BFF827F6F97800BC069F /* OTLAddOrDeleteToolView.m in Sources */ = {isa = PBXBuildFile; fileRef = 9198BFF127F6F97800BC069F /* OTLAddOrDeleteToolView.m */; };
		9198BFF927F6F97800BC069F /* OTLPracticePianoTaskViewController.m in Sources */ = {isa = PBXBuildFile; fileRef = 9198BFF227F6F97800BC069F /* OTLPracticePianoTaskViewController.m */; };
		9198BFFA27F6F97800BC069F /* OTLPracticePianoTaskFirstCell.m in Sources */ = {isa = PBXBuildFile; fileRef = 9198BFF327F6F97800BC069F /* OTLPracticePianoTaskFirstCell.m */; };
		9198BFFB27F6F97800BC069F /* OTLPracticePianoCommonCellView.m in Sources */ = {isa = PBXBuildFile; fileRef = 9198BFF427F6F97800BC069F /* OTLPracticePianoCommonCellView.m */; };
		9198BFFC27F6F97800BC069F /* OTLTeacherSideMainViewController.m in Sources */ = {isa = PBXBuildFile; fileRef = 9198BFF727F6F97800BC069F /* OTLTeacherSideMainViewController.m */; };
		9198C00027F6FAF800BC069F /* OTLPracticePianoTaskSecondCell.m in Sources */ = {isa = PBXBuildFile; fileRef = 9198BFFF27F6FAF800BC069F /* OTLPracticePianoTaskSecondCell.m */; };
		9198C01827F6FECF00BC069F /* MCCallLogsBackupViewController.m in Sources */ = {isa = PBXBuildFile; fileRef = 9198C00427F6FECF00BC069F /* MCCallLogsBackupViewController.m */; };
		9198C01927F6FECF00BC069F /* MCCallLogsBackupRecoveryRecordModel.m in Sources */ = {isa = PBXBuildFile; fileRef = 9198C00727F6FECF00BC069F /* MCCallLogsBackupRecoveryRecordModel.m */; };
		9198C01A27F6FECF00BC069F /* MCCallLogsBackupChooseRecoveryRecordView.m in Sources */ = {isa = PBXBuildFile; fileRef = 9198C00927F6FECF00BC069F /* MCCallLogsBackupChooseRecoveryRecordView.m */; };
		9198C01B27F6FECF00BC069F /* MCCallLogsBackupMainView.m in Sources */ = {isa = PBXBuildFile; fileRef = 9198C00A27F6FECF00BC069F /* MCCallLogsBackupMainView.m */; };
		9198C01C27F6FECF00BC069F /* MCCallLogsBackupFirstPartView.m in Sources */ = {isa = PBXBuildFile; fileRef = 9198C00D27F6FECF00BC069F /* MCCallLogsBackupFirstPartView.m */; };
		9198C01D27F6FECF00BC069F /* MCCallLogsBackupChooseRecoveryStyleView.m in Sources */ = {isa = PBXBuildFile; fileRef = 9198C00E27F6FECF00BC069F /* MCCallLogsBackupChooseRecoveryStyleView.m */; };
		9198C01E27F6FECF00BC069F /* MCCallLogsBackupSecondPartView.m in Sources */ = {isa = PBXBuildFile; fileRef = 9198C00F27F6FECF00BC069F /* MCCallLogsBackupSecondPartView.m */; };
		9198C01F27F6FECF00BC069F /* MCVideoMoreDetailView.m in Sources */ = {isa = PBXBuildFile; fileRef = 9198C01027F6FECF00BC069F /* MCVideoMoreDetailView.m */; };
		9198C02027F6FECF00BC069F /* MCCallLogsBackupRecoveryRecordCell.m in Sources */ = {isa = PBXBuildFile; fileRef = 9198C01127F6FECF00BC069F /* MCCallLogsBackupRecoveryRecordCell.m */; };
		9198C02427F702E400BC069F /* TipProgress.m in Sources */ = {isa = PBXBuildFile; fileRef = 9198C02227F702E400BC069F /* TipProgress.m */; };
		9198C02827F7EB4900BC069F /* MainNavigationController.m in Sources */ = {isa = PBXBuildFile; fileRef = 9198C02727F7EB4900BC069F /* MainNavigationController.m */; };
		9198C03B27F7EC0E00BC069F /* UIColor+LLRandomColor.m in Sources */ = {isa = PBXBuildFile; fileRef = 9198C02927F7EC0D00BC069F /* UIColor+LLRandomColor.m */; };
		9198C03C27F7EC0E00BC069F /* NSString+Common.m in Sources */ = {isa = PBXBuildFile; fileRef = 9198C02A27F7EC0D00BC069F /* NSString+Common.m */; };
		9198C03D27F7EC0E00BC069F /* NSAttributedString+LLMake.m in Sources */ = {isa = PBXBuildFile; fileRef = 9198C02C27F7EC0D00BC069F /* NSAttributedString+LLMake.m */; };
		9198C03E27F7EC0E00BC069F /* UIImage+Alpha.m in Sources */ = {isa = PBXBuildFile; fileRef = 9198C02F27F7EC0D00BC069F /* UIImage+Alpha.m */; };
		9198C03F27F7EC0E00BC069F /* UIView+PartRounded.m in Sources */ = {isa = PBXBuildFile; fileRef = 9198C03027F7EC0D00BC069F /* UIView+PartRounded.m */; };
		9198C04027F7EC0E00BC069F /* NSData+Common.m in Sources */ = {isa = PBXBuildFile; fileRef = 9198C03127F7EC0D00BC069F /* NSData+Common.m */; };
		9198C04127F7EC0E00BC069F /* UILabel+Common.m in Sources */ = {isa = PBXBuildFile; fileRef = 9198C03527F7EC0D00BC069F /* UILabel+Common.m */; };
		9198C04327F7EC0E00BC069F /* UIImage+Common.m in Sources */ = {isa = PBXBuildFile; fileRef = 9198C03827F7EC0E00BC069F /* UIImage+Common.m */; };
		9198C04627F7EC7600BC069F /* PathUtility.m in Sources */ = {isa = PBXBuildFile; fileRef = 9198C04427F7EC7600BC069F /* PathUtility.m */; };
		9198C04C27F7F07600BC069F /* OTLWeekReportDetailTableViewCell.m in Sources */ = {isa = PBXBuildFile; fileRef = 9198C04827F7F07600BC069F /* OTLWeekReportDetailTableViewCell.m */; };
		9198C04D27F7F07600BC069F /* OTLWeekReportDetailViewController.m in Sources */ = {isa = PBXBuildFile; fileRef = 9198C04A27F7F07600BC069F /* OTLWeekReportDetailViewController.m */; };
		9198C05027F7F14C00BC069F /* OTLPracticeWeekReportViewController.m in Sources */ = {isa = PBXBuildFile; fileRef = 9198C04E27F7F14C00BC069F /* OTLPracticeWeekReportViewController.m */; };
		9198C05327F7F17300BC069F /* CPISegementView.m in Sources */ = {isa = PBXBuildFile; fileRef = 9198C05227F7F17300BC069F /* CPISegementView.m */; };
		91B5910B2823A149008690B4 /* OTLDDLogFormatter.m in Sources */ = {isa = PBXBuildFile; fileRef = 91B5910A2823A149008690B4 /* OTLDDLogFormatter.m */; };
		91B5910E2823B761008690B4 /* OTLDDLogFileLogger.m in Sources */ = {isa = PBXBuildFile; fileRef = 91B5910D2823B761008690B4 /* OTLDDLogFileLogger.m */; };
		91B591112823BD61008690B4 /* OTLDDLogFileManagerDefault.m in Sources */ = {isa = PBXBuildFile; fileRef = 91B591102823BD61008690B4 /* OTLDDLogFileManagerDefault.m */; };
		91D640392826024000E132B6 /* OTLOfflineOneToOneSmartMajorBeforeClassVC.m in Sources */ = {isa = PBXBuildFile; fileRef = 91D640382826024000E132B6 /* OTLOfflineOneToOneSmartMajorBeforeClassVC.m */; };
		91D6403C2826052E00E132B6 /* OTLOfflineOneToOneSmartMajorBeforeClassLeftView.m in Sources */ = {isa = PBXBuildFile; fileRef = 91D6403B2826052E00E132B6 /* OTLOfflineOneToOneSmartMajorBeforeClassLeftView.m */; };
		91D6403F282612D700E132B6 /* OTLOfflineOneToOneSmartMajorBeforeClassRightView.m in Sources */ = {isa = PBXBuildFile; fileRef = 91D6403E282612D700E132B6 /* OTLOfflineOneToOneSmartMajorBeforeClassRightView.m */; };
		91D64042282618AA00E132B6 /* OTLBackClassView.m in Sources */ = {isa = PBXBuildFile; fileRef = 91D64041282618AA00E132B6 /* OTLBackClassView.m */; };
		91D640482826592900E132B6 /* OTLAfterClassSheetView.m in Sources */ = {isa = PBXBuildFile; fileRef = 91D640472826592900E132B6 /* OTLAfterClassSheetView.m */; };
		91D6404B28265D0E00E132B6 /* OTLAfterClassSheetPerformanceCell.m in Sources */ = {isa = PBXBuildFile; fileRef = 91D6404A28265D0E00E132B6 /* OTLAfterClassSheetPerformanceCell.m */; };
		91D6404E2826635E00E132B6 /* OTLAfterClassSheetVideoCell.m in Sources */ = {isa = PBXBuildFile; fileRef = 91D6404D2826635E00E132B6 /* OTLAfterClassSheetVideoCell.m */; };
		91D640512826680F00E132B6 /* OTLAfterClassSheetPianoTaskCell.m in Sources */ = {isa = PBXBuildFile; fileRef = 91D640502826680F00E132B6 /* OTLAfterClassSheetPianoTaskCell.m */; };
		91D640542826686800E132B6 /* OTLAfterClassSheetCommentCell.m in Sources */ = {isa = PBXBuildFile; fileRef = 91D640532826686800E132B6 /* OTLAfterClassSheetCommentCell.m */; };
		91D640572826688D00E132B6 /* OTLAfterClassSheetEndClassCell.m in Sources */ = {isa = PBXBuildFile; fileRef = 91D640562826688D00E132B6 /* OTLAfterClassSheetEndClassCell.m */; };
/* End PBXBuildFile section */

/* Begin PBXFileReference section */
		1D0B4649436608D22BC47675 /* libPods-OCTools.a */ = {isa = PBXFileReference; explicitFileType = archive.ar; includeInIndex = 0; path = "libPods-OCTools.a"; sourceTree = BUILT_PRODUCTS_DIR; };
		2AAFD91B260ED2B7DE4A206B /* Pods-OCTools.release.xcconfig */ = {isa = PBXFileReference; includeInIndex = 1; lastKnownFileType = text.xcconfig; name = "Pods-OCTools.release.xcconfig"; path = "Target Support Files/Pods-OCTools/Pods-OCTools.release.xcconfig"; sourceTree = "<group>"; };
		57656EB50BF0E508CAB60E42 /* Pods-OCTools.debug.xcconfig */ = {isa = PBXFileReference; includeInIndex = 1; lastKnownFileType = text.xcconfig; name = "Pods-OCTools.debug.xcconfig"; path = "Target Support Files/Pods-OCTools/Pods-OCTools.debug.xcconfig"; sourceTree = "<group>"; };
		6D96906727F7248A00678EAD /* LCOtherToolsViewController.h */ = {isa = PBXFileReference; lastKnownFileType = sourcecode.c.h; path = LCOtherToolsViewController.h; sourceTree = "<group>"; };
		6D96906827F7248A00678EAD /* LCOtherToolsViewController.m */ = {isa = PBXFileReference; lastKnownFileType = sourcecode.c.objc; path = LCOtherToolsViewController.m; sourceTree = "<group>"; };
		6D96906A27F932B800678EAD /* LCAIRoomLeftView.h */ = {isa = PBXFileReference; lastKnownFileType = sourcecode.c.h; path = LCAIRoomLeftView.h; sourceTree = "<group>"; };
		6D96906B27F932B800678EAD /* LCAIRoomLeftView.m */ = {isa = PBXFileReference; lastKnownFileType = sourcecode.c.objc; path = LCAIRoomLeftView.m; sourceTree = "<group>"; };
		6D96906E27F93F5C00678EAD /* LCCaculatorViewController.h */ = {isa = PBXFileReference; lastKnownFileType = sourcecode.c.h; path = LCCaculatorViewController.h; sourceTree = "<group>"; };
		6D96906F27F93F5C00678EAD /* LCCaculatorViewController.m */ = {isa = PBXFileReference; lastKnownFileType = sourcecode.c.objc; path = LCCaculatorViewController.m; sourceTree = "<group>"; };
		911E42DA27F82E1F0088FCDF /* ThreeLevelLinkageViewController.m */ = {isa = PBXFileReference; fileEncoding = 4; lastKnownFileType = sourcecode.c.objc; path = ThreeLevelLinkageViewController.m; sourceTree = "<group>"; };
		911E42DB27F82E1F0088FCDF /* city.plist */ = {isa = PBXFileReference; fileEncoding = 4; lastKnownFileType = text.plist.xml; path = city.plist; sourceTree = "<group>"; };
		911E42DD27F82E1F0088FCDF /* ThreeLevelLinkageSelectView.h */ = {isa = PBXFileReference; fileEncoding = 4; lastKnownFileType = sourcecode.c.h; path = ThreeLevelLinkageSelectView.h; sourceTree = "<group>"; };
		911E42DF27F82E1F0088FCDF /* SelectFirstView.h */ = {isa = PBXFileReference; fileEncoding = 4; lastKnownFileType = sourcecode.c.h; path = SelectFirstView.h; sourceTree = "<group>"; };
		911E42E027F82E1F0088FCDF /* SelectFirstView.m */ = {isa = PBXFileReference; fileEncoding = 4; lastKnownFileType = sourcecode.c.objc; path = SelectFirstView.m; sourceTree = "<group>"; };
		911E42E127F82E1F0088FCDF /* ThreeLevelLinkageSelectView.m */ = {isa = PBXFileReference; fileEncoding = 4; lastKnownFileType = sourcecode.c.objc; path = ThreeLevelLinkageSelectView.m; sourceTree = "<group>"; };
		911E42E227F82E1F0088FCDF /* ThreeLevelLinkageViewController.h */ = {isa = PBXFileReference; fileEncoding = 4; lastKnownFileType = sourcecode.c.h; path = ThreeLevelLinkageViewController.h; sourceTree = "<group>"; };
		911E42E827F84B2D0088FCDF /* LCAIRoomViewController.h */ = {isa = PBXFileReference; lastKnownFileType = sourcecode.c.h; path = LCAIRoomViewController.h; sourceTree = "<group>"; };
		911E42E927F84B2D0088FCDF /* LCAIRoomViewController.m */ = {isa = PBXFileReference; lastKnownFileType = sourcecode.c.objc; path = LCAIRoomViewController.m; sourceTree = "<group>"; };
		916A337B2828B1EA00898E3C /* OTLAfterClassSheetVideoCollectionCell.h */ = {isa = PBXFileReference; lastKnownFileType = sourcecode.c.h; path = OTLAfterClassSheetVideoCollectionCell.h; sourceTree = "<group>"; };
		916A337C2828B1EA00898E3C /* OTLAfterClassSheetVideoCollectionCell.m */ = {isa = PBXFileReference; lastKnownFileType = sourcecode.c.objc; path = OTLAfterClassSheetVideoCollectionCell.m; sourceTree = "<group>"; };
		916A337E2828E80600898E3C /* OTLAfterClassSheetPianoTaskCollectionCell.h */ = {isa = PBXFileReference; lastKnownFileType = sourcecode.c.h; path = OTLAfterClassSheetPianoTaskCollectionCell.h; sourceTree = "<group>"; };
		916A337F2828E80600898E3C /* OTLAfterClassSheetPianoTaskCollectionCell.m */ = {isa = PBXFileReference; lastKnownFileType = sourcecode.c.objc; path = OTLAfterClassSheetPianoTaskCollectionCell.m; sourceTree = "<group>"; };
		916A33802828E80600898E3C /* OTLAfterClassSheetPianoTaskCollectionCell.xib */ = {isa = PBXFileReference; lastKnownFileType = file.xib; path = OTLAfterClassSheetPianoTaskCollectionCell.xib; sourceTree = "<group>"; };
		916A33832828F05A00898E3C /* OTLPianoTaskChooseCommonView.h */ = {isa = PBXFileReference; lastKnownFileType = sourcecode.c.h; path = OTLPianoTaskChooseCommonView.h; sourceTree = "<group>"; };
		916A33842828F05A00898E3C /* OTLPianoTaskChooseCommonView.m */ = {isa = PBXFileReference; lastKnownFileType = sourcecode.c.objc; path = OTLPianoTaskChooseCommonView.m; sourceTree = "<group>"; };
		9198BF9D27F594C800BC069F /* OCTools.app */ = {isa = PBXFileReference; explicitFileType = wrapper.application; includeInIndex = 0; path = OCTools.app; sourceTree = BUILT_PRODUCTS_DIR; };
		9198BFA027F594C800BC069F /* AppDelegate.h */ = {isa = PBXFileReference; lastKnownFileType = sourcecode.c.h; path = AppDelegate.h; sourceTree = "<group>"; };
		9198BFA127F594C800BC069F /* AppDelegate.m */ = {isa = PBXFileReference; lastKnownFileType = sourcecode.c.objc; path = AppDelegate.m; sourceTree = "<group>"; };
		9198BFA327F594C800BC069F /* SceneDelegate.h */ = {isa = PBXFileReference; lastKnownFileType = sourcecode.c.h; path = SceneDelegate.h; sourceTree = "<group>"; };
		9198BFA427F594C800BC069F /* SceneDelegate.m */ = {isa = PBXFileReference; lastKnownFileType = sourcecode.c.objc; path = SceneDelegate.m; sourceTree = "<group>"; };
		9198BFA627F594C800BC069F /* ViewController.h */ = {isa = PBXFileReference; lastKnownFileType = sourcecode.c.h; path = ViewController.h; sourceTree = "<group>"; };
		9198BFA727F594C800BC069F /* ViewController.m */ = {isa = PBXFileReference; lastKnownFileType = sourcecode.c.objc; path = ViewController.m; sourceTree = "<group>"; };
		9198BFAA27F594C800BC069F /* Base */ = {isa = PBXFileReference; lastKnownFileType = file.storyboard; name = Base; path = Base.lproj/Main.storyboard; sourceTree = "<group>"; };
		9198BFAC27F594CA00BC069F /* Assets.xcassets */ = {isa = PBXFileReference; lastKnownFileType = folder.assetcatalog; path = Assets.xcassets; sourceTree = "<group>"; };
		9198BFAF27F594CA00BC069F /* Base */ = {isa = PBXFileReference; lastKnownFileType = file.storyboard; name = Base; path = Base.lproj/LaunchScreen.storyboard; sourceTree = "<group>"; };
		9198BFB127F594CA00BC069F /* Info.plist */ = {isa = PBXFileReference; lastKnownFileType = text.plist.xml; path = Info.plist; sourceTree = "<group>"; };
		9198BFB227F594CA00BC069F /* main.m */ = {isa = PBXFileReference; lastKnownFileType = sourcecode.c.objc; path = main.m; sourceTree = "<group>"; };
		9198BFBE27F5992000BC069F /* launch.png */ = {isa = PBXFileReference; lastKnownFileType = image.png; path = launch.png; sourceTree = "<group>"; };
		9198BFC127F59CE100BC069F /* LCMainTabBar.h */ = {isa = PBXFileReference; lastKnownFileType = sourcecode.c.h; path = LCMainTabBar.h; sourceTree = "<group>"; };
		9198BFC227F59CE100BC069F /* LCMainTabBar.m */ = {isa = PBXFileReference; lastKnownFileType = sourcecode.c.objc; path = LCMainTabBar.m; sourceTree = "<group>"; };
		9198BFC527F5A77500BC069F /* OCToolsPrefixHeader.pch */ = {isa = PBXFileReference; lastKnownFileType = sourcecode.c.h; path = OCToolsPrefixHeader.pch; sourceTree = "<group>"; };
		9198BFC727F6A11B00BC069F /* LCLoginViewController.h */ = {isa = PBXFileReference; lastKnownFileType = sourcecode.c.h; path = LCLoginViewController.h; sourceTree = "<group>"; };
		9198BFC827F6A11B00BC069F /* LCLoginViewController.m */ = {isa = PBXFileReference; lastKnownFileType = sourcecode.c.objc; path = LCLoginViewController.m; sourceTree = "<group>"; };
		9198BFCE27F6A67B00BC069F /* LCMainTabBarController.h */ = {isa = PBXFileReference; lastKnownFileType = sourcecode.c.h; path = LCMainTabBarController.h; sourceTree = "<group>"; };
		9198BFCF27F6A67B00BC069F /* LCMainTabBarController.m */ = {isa = PBXFileReference; lastKnownFileType = sourcecode.c.objc; path = LCMainTabBarController.m; sourceTree = "<group>"; };
		9198BFD427F6A82C00BC069F /* LCConfig.h */ = {isa = PBXFileReference; lastKnownFileType = sourcecode.c.h; path = LCConfig.h; sourceTree = "<group>"; };
		9198BFD927F6A92100BC069F /* LCSquareViewController.h */ = {isa = PBXFileReference; lastKnownFileType = sourcecode.c.h; path = LCSquareViewController.h; sourceTree = "<group>"; };
		9198BFDA27F6A92100BC069F /* LCSquareViewController.m */ = {isa = PBXFileReference; lastKnownFileType = sourcecode.c.objc; path = LCSquareViewController.m; sourceTree = "<group>"; };
		9198BFDC27F6A92D00BC069F /* LCDiscoveryViewController.h */ = {isa = PBXFileReference; lastKnownFileType = sourcecode.c.h; path = LCDiscoveryViewController.h; sourceTree = "<group>"; };
		9198BFDD27F6A92D00BC069F /* LCDiscoveryViewController.m */ = {isa = PBXFileReference; lastKnownFileType = sourcecode.c.objc; path = LCDiscoveryViewController.m; sourceTree = "<group>"; };
		9198BFDF27F6A93A00BC069F /* LCEntertainmentViewController.h */ = {isa = PBXFileReference; lastKnownFileType = sourcecode.c.h; path = LCEntertainmentViewController.h; sourceTree = "<group>"; };
		9198BFE027F6A93A00BC069F /* LCEntertainmentViewController.m */ = {isa = PBXFileReference; lastKnownFileType = sourcecode.c.objc; path = LCEntertainmentViewController.m; sourceTree = "<group>"; };
		9198BFE227F6A94200BC069F /* LCMineViewController.h */ = {isa = PBXFileReference; lastKnownFileType = sourcecode.c.h; path = LCMineViewController.h; sourceTree = "<group>"; };
		9198BFE327F6A94200BC069F /* LCMineViewController.m */ = {isa = PBXFileReference; lastKnownFileType = sourcecode.c.objc; path = LCMineViewController.m; sourceTree = "<group>"; };
		9198BFE627F6ABD800BC069F /* UIImage+Tool.h */ = {isa = PBXFileReference; fileEncoding = 4; lastKnownFileType = sourcecode.c.h; path = "UIImage+Tool.h"; sourceTree = "<group>"; };
		9198BFE727F6ABD800BC069F /* UIImage+Tool.m */ = {isa = PBXFileReference; fileEncoding = 4; lastKnownFileType = sourcecode.c.objc; path = "UIImage+Tool.m"; sourceTree = "<group>"; };
		9198BFE927F6F71300BC069F /* LCSquareTableViewCell.h */ = {isa = PBXFileReference; lastKnownFileType = sourcecode.c.h; path = LCSquareTableViewCell.h; sourceTree = "<group>"; };
		9198BFEA27F6F71300BC069F /* LCSquareTableViewCell.m */ = {isa = PBXFileReference; lastKnownFileType = sourcecode.c.objc; path = LCSquareTableViewCell.m; sourceTree = "<group>"; };
		9198BFEE27F6F97800BC069F /* OTLPracticePianoCommonCellView.h */ = {isa = PBXFileReference; fileEncoding = 4; lastKnownFileType = sourcecode.c.h; path = OTLPracticePianoCommonCellView.h; sourceTree = "<group>"; };
		9198BFEF27F6F97800BC069F /* OTLPracticePianoTaskFirstCell.h */ = {isa = PBXFileReference; fileEncoding = 4; lastKnownFileType = sourcecode.c.h; path = OTLPracticePianoTaskFirstCell.h; sourceTree = "<group>"; };
		9198BFF027F6F97800BC069F /* OTLPracticePianoTaskViewController.h */ = {isa = PBXFileReference; fileEncoding = 4; lastKnownFileType = sourcecode.c.h; path = OTLPracticePianoTaskViewController.h; sourceTree = "<group>"; };
		9198BFF127F6F97800BC069F /* OTLAddOrDeleteToolView.m */ = {isa = PBXFileReference; fileEncoding = 4; lastKnownFileType = sourcecode.c.objc; path = OTLAddOrDeleteToolView.m; sourceTree = "<group>"; };
		9198BFF227F6F97800BC069F /* OTLPracticePianoTaskViewController.m */ = {isa = PBXFileReference; fileEncoding = 4; lastKnownFileType = sourcecode.c.objc; path = OTLPracticePianoTaskViewController.m; sourceTree = "<group>"; };
		9198BFF327F6F97800BC069F /* OTLPracticePianoTaskFirstCell.m */ = {isa = PBXFileReference; fileEncoding = 4; lastKnownFileType = sourcecode.c.objc; path = OTLPracticePianoTaskFirstCell.m; sourceTree = "<group>"; };
		9198BFF427F6F97800BC069F /* OTLPracticePianoCommonCellView.m */ = {isa = PBXFileReference; fileEncoding = 4; lastKnownFileType = sourcecode.c.objc; path = OTLPracticePianoCommonCellView.m; sourceTree = "<group>"; };
		9198BFF527F6F97800BC069F /* OTLAddOrDeleteToolView.h */ = {isa = PBXFileReference; fileEncoding = 4; lastKnownFileType = sourcecode.c.h; path = OTLAddOrDeleteToolView.h; sourceTree = "<group>"; };
		9198BFF627F6F97800BC069F /* OTLTeacherSideMainViewController.h */ = {isa = PBXFileReference; fileEncoding = 4; lastKnownFileType = sourcecode.c.h; path = OTLTeacherSideMainViewController.h; sourceTree = "<group>"; };
		9198BFF727F6F97800BC069F /* OTLTeacherSideMainViewController.m */ = {isa = PBXFileReference; fileEncoding = 4; lastKnownFileType = sourcecode.c.objc; path = OTLTeacherSideMainViewController.m; sourceTree = "<group>"; };
		9198BFFD27F6FA0400BC069F /* OTLCommonEnum.h */ = {isa = PBXFileReference; lastKnownFileType = sourcecode.c.h; path = OTLCommonEnum.h; sourceTree = "<group>"; };
		9198BFFE27F6FAF800BC069F /* OTLPracticePianoTaskSecondCell.h */ = {isa = PBXFileReference; lastKnownFileType = sourcecode.c.h; path = OTLPracticePianoTaskSecondCell.h; sourceTree = "<group>"; };
		9198BFFF27F6FAF800BC069F /* OTLPracticePianoTaskSecondCell.m */ = {isa = PBXFileReference; lastKnownFileType = sourcecode.c.objc; path = OTLPracticePianoTaskSecondCell.m; sourceTree = "<group>"; };
		9198C00427F6FECF00BC069F /* MCCallLogsBackupViewController.m */ = {isa = PBXFileReference; fileEncoding = 4; lastKnownFileType = sourcecode.c.objc; path = MCCallLogsBackupViewController.m; sourceTree = "<group>"; };
		9198C00627F6FECF00BC069F /* MCCallLogsBackupRecoveryRecordModel.h */ = {isa = PBXFileReference; fileEncoding = 4; lastKnownFileType = sourcecode.c.h; path = MCCallLogsBackupRecoveryRecordModel.h; sourceTree = "<group>"; };
		9198C00727F6FECF00BC069F /* MCCallLogsBackupRecoveryRecordModel.m */ = {isa = PBXFileReference; fileEncoding = 4; lastKnownFileType = sourcecode.c.objc; path = MCCallLogsBackupRecoveryRecordModel.m; sourceTree = "<group>"; };
		9198C00927F6FECF00BC069F /* MCCallLogsBackupChooseRecoveryRecordView.m */ = {isa = PBXFileReference; fileEncoding = 4; lastKnownFileType = sourcecode.c.objc; path = MCCallLogsBackupChooseRecoveryRecordView.m; sourceTree = "<group>"; };
		9198C00A27F6FECF00BC069F /* MCCallLogsBackupMainView.m */ = {isa = PBXFileReference; fileEncoding = 4; lastKnownFileType = sourcecode.c.objc; path = MCCallLogsBackupMainView.m; sourceTree = "<group>"; };
		9198C00B27F6FECF00BC069F /* MCCallLogsBackupRecoveryRecordCell.h */ = {isa = PBXFileReference; fileEncoding = 4; lastKnownFileType = sourcecode.c.h; path = MCCallLogsBackupRecoveryRecordCell.h; sourceTree = "<group>"; };
		9198C00C27F6FECF00BC069F /* MCVideoMoreDetailView.h */ = {isa = PBXFileReference; fileEncoding = 4; lastKnownFileType = sourcecode.c.h; path = MCVideoMoreDetailView.h; sourceTree = "<group>"; };
		9198C00D27F6FECF00BC069F /* MCCallLogsBackupFirstPartView.m */ = {isa = PBXFileReference; fileEncoding = 4; lastKnownFileType = sourcecode.c.objc; path = MCCallLogsBackupFirstPartView.m; sourceTree = "<group>"; };
		9198C00E27F6FECF00BC069F /* MCCallLogsBackupChooseRecoveryStyleView.m */ = {isa = PBXFileReference; fileEncoding = 4; lastKnownFileType = sourcecode.c.objc; path = MCCallLogsBackupChooseRecoveryStyleView.m; sourceTree = "<group>"; };
		9198C00F27F6FECF00BC069F /* MCCallLogsBackupSecondPartView.m */ = {isa = PBXFileReference; fileEncoding = 4; lastKnownFileType = sourcecode.c.objc; path = MCCallLogsBackupSecondPartView.m; sourceTree = "<group>"; };
		9198C01027F6FECF00BC069F /* MCVideoMoreDetailView.m */ = {isa = PBXFileReference; fileEncoding = 4; lastKnownFileType = sourcecode.c.objc; path = MCVideoMoreDetailView.m; sourceTree = "<group>"; };
		9198C01127F6FECF00BC069F /* MCCallLogsBackupRecoveryRecordCell.m */ = {isa = PBXFileReference; fileEncoding = 4; lastKnownFileType = sourcecode.c.objc; path = MCCallLogsBackupRecoveryRecordCell.m; sourceTree = "<group>"; };
		9198C01227F6FECF00BC069F /* MCCallLogsBackupMainView.h */ = {isa = PBXFileReference; fileEncoding = 4; lastKnownFileType = sourcecode.c.h; path = MCCallLogsBackupMainView.h; sourceTree = "<group>"; };
		9198C01327F6FECF00BC069F /* MCCallLogsBackupChooseRecoveryRecordView.h */ = {isa = PBXFileReference; fileEncoding = 4; lastKnownFileType = sourcecode.c.h; path = MCCallLogsBackupChooseRecoveryRecordView.h; sourceTree = "<group>"; };
		9198C01427F6FECF00BC069F /* MCCallLogsBackupChooseRecoveryStyleView.h */ = {isa = PBXFileReference; fileEncoding = 4; lastKnownFileType = sourcecode.c.h; path = MCCallLogsBackupChooseRecoveryStyleView.h; sourceTree = "<group>"; };
		9198C01527F6FECF00BC069F /* MCCallLogsBackupFirstPartView.h */ = {isa = PBXFileReference; fileEncoding = 4; lastKnownFileType = sourcecode.c.h; path = MCCallLogsBackupFirstPartView.h; sourceTree = "<group>"; };
		9198C01627F6FECF00BC069F /* MCCallLogsBackupSecondPartView.h */ = {isa = PBXFileReference; fileEncoding = 4; lastKnownFileType = sourcecode.c.h; path = MCCallLogsBackupSecondPartView.h; sourceTree = "<group>"; };
		9198C01727F6FECF00BC069F /* MCCallLogsBackupViewController.h */ = {isa = PBXFileReference; fileEncoding = 4; lastKnownFileType = sourcecode.c.h; path = MCCallLogsBackupViewController.h; sourceTree = "<group>"; };
		9198C02227F702E400BC069F /* TipProgress.m */ = {isa = PBXFileReference; fileEncoding = 4; lastKnownFileType = sourcecode.c.objc; path = TipProgress.m; sourceTree = "<group>"; };
		9198C02327F702E400BC069F /* TipProgress.h */ = {isa = PBXFileReference; fileEncoding = 4; lastKnownFileType = sourcecode.c.h; path = TipProgress.h; sourceTree = "<group>"; };
		9198C02527F7031A00BC069F /* Singleton.h */ = {isa = PBXFileReference; lastKnownFileType = sourcecode.c.h; path = Singleton.h; sourceTree = "<group>"; };
		9198C02627F7EB4900BC069F /* MainNavigationController.h */ = {isa = PBXFileReference; fileEncoding = 4; lastKnownFileType = sourcecode.c.h; path = MainNavigationController.h; sourceTree = "<group>"; };
		9198C02727F7EB4900BC069F /* MainNavigationController.m */ = {isa = PBXFileReference; fileEncoding = 4; lastKnownFileType = sourcecode.c.objc; path = MainNavigationController.m; sourceTree = "<group>"; };
		9198C02927F7EC0D00BC069F /* UIColor+LLRandomColor.m */ = {isa = PBXFileReference; fileEncoding = 4; lastKnownFileType = sourcecode.c.objc; path = "UIColor+LLRandomColor.m"; sourceTree = "<group>"; };
		9198C02A27F7EC0D00BC069F /* NSString+Common.m */ = {isa = PBXFileReference; fileEncoding = 4; lastKnownFileType = sourcecode.c.objc; path = "NSString+Common.m"; sourceTree = "<group>"; };
		9198C02C27F7EC0D00BC069F /* NSAttributedString+LLMake.m */ = {isa = PBXFileReference; fileEncoding = 4; lastKnownFileType = sourcecode.c.objc; path = "NSAttributedString+LLMake.m"; sourceTree = "<group>"; };
		9198C02D27F7EC0D00BC069F /* NSAttributedString+LLMake.h */ = {isa = PBXFileReference; fileEncoding = 4; lastKnownFileType = sourcecode.c.h; path = "NSAttributedString+LLMake.h"; sourceTree = "<group>"; };
		9198C02E27F7EC0D00BC069F /* UIImage+Alpha.h */ = {isa = PBXFileReference; fileEncoding = 4; lastKnownFileType = sourcecode.c.h; path = "UIImage+Alpha.h"; sourceTree = "<group>"; };
		9198C02F27F7EC0D00BC069F /* UIImage+Alpha.m */ = {isa = PBXFileReference; fileEncoding = 4; lastKnownFileType = sourcecode.c.objc; path = "UIImage+Alpha.m"; sourceTree = "<group>"; };
		9198C03027F7EC0D00BC069F /* UIView+PartRounded.m */ = {isa = PBXFileReference; fileEncoding = 4; lastKnownFileType = sourcecode.c.objc; path = "UIView+PartRounded.m"; sourceTree = "<group>"; };
		9198C03127F7EC0D00BC069F /* NSData+Common.m */ = {isa = PBXFileReference; fileEncoding = 4; lastKnownFileType = sourcecode.c.objc; path = "NSData+Common.m"; sourceTree = "<group>"; };
		9198C03227F7EC0D00BC069F /* UIColor+LLRandomColor.h */ = {isa = PBXFileReference; fileEncoding = 4; lastKnownFileType = sourcecode.c.h; path = "UIColor+LLRandomColor.h"; sourceTree = "<group>"; };
		9198C03327F7EC0D00BC069F /* UIView+PartRounded.h */ = {isa = PBXFileReference; fileEncoding = 4; lastKnownFileType = sourcecode.c.h; path = "UIView+PartRounded.h"; sourceTree = "<group>"; };
		9198C03427F7EC0D00BC069F /* UILabel+Common.h */ = {isa = PBXFileReference; fileEncoding = 4; lastKnownFileType = sourcecode.c.h; path = "UILabel+Common.h"; sourceTree = "<group>"; };
		9198C03527F7EC0D00BC069F /* UILabel+Common.m */ = {isa = PBXFileReference; fileEncoding = 4; lastKnownFileType = sourcecode.c.objc; path = "UILabel+Common.m"; sourceTree = "<group>"; };
		9198C03727F7EC0D00BC069F /* NSData+Common.h */ = {isa = PBXFileReference; fileEncoding = 4; lastKnownFileType = sourcecode.c.h; path = "NSData+Common.h"; sourceTree = "<group>"; };
		9198C03827F7EC0E00BC069F /* UIImage+Common.m */ = {isa = PBXFileReference; fileEncoding = 4; lastKnownFileType = sourcecode.c.objc; path = "UIImage+Common.m"; sourceTree = "<group>"; };
		9198C03927F7EC0E00BC069F /* UIImage+Common.h */ = {isa = PBXFileReference; fileEncoding = 4; lastKnownFileType = sourcecode.c.h; path = "UIImage+Common.h"; sourceTree = "<group>"; };
		9198C03A27F7EC0E00BC069F /* NSString+Common.h */ = {isa = PBXFileReference; fileEncoding = 4; lastKnownFileType = sourcecode.c.h; path = "NSString+Common.h"; sourceTree = "<group>"; };
		9198C04427F7EC7600BC069F /* PathUtility.m */ = {isa = PBXFileReference; fileEncoding = 4; lastKnownFileType = sourcecode.c.objc; path = PathUtility.m; sourceTree = "<group>"; };
		9198C04527F7EC7600BC069F /* PathUtility.h */ = {isa = PBXFileReference; fileEncoding = 4; lastKnownFileType = sourcecode.c.h; path = PathUtility.h; sourceTree = "<group>"; };
		9198C04827F7F07600BC069F /* OTLWeekReportDetailTableViewCell.m */ = {isa = PBXFileReference; fileEncoding = 4; lastKnownFileType = sourcecode.c.objc; path = OTLWeekReportDetailTableViewCell.m; sourceTree = "<group>"; };
		9198C04927F7F07600BC069F /* OTLWeekReportDetailTableViewCell.h */ = {isa = PBXFileReference; fileEncoding = 4; lastKnownFileType = sourcecode.c.h; path = OTLWeekReportDetailTableViewCell.h; sourceTree = "<group>"; };
		9198C04A27F7F07600BC069F /* OTLWeekReportDetailViewController.m */ = {isa = PBXFileReference; fileEncoding = 4; lastKnownFileType = sourcecode.c.objc; path = OTLWeekReportDetailViewController.m; sourceTree = "<group>"; };
		9198C04B27F7F07600BC069F /* OTLWeekReportDetailViewController.h */ = {isa = PBXFileReference; fileEncoding = 4; lastKnownFileType = sourcecode.c.h; path = OTLWeekReportDetailViewController.h; sourceTree = "<group>"; };
		9198C04E27F7F14C00BC069F /* OTLPracticeWeekReportViewController.m */ = {isa = PBXFileReference; fileEncoding = 4; lastKnownFileType = sourcecode.c.objc; path = OTLPracticeWeekReportViewController.m; sourceTree = "<group>"; };
		9198C04F27F7F14C00BC069F /* OTLPracticeWeekReportViewController.h */ = {isa = PBXFileReference; fileEncoding = 4; lastKnownFileType = sourcecode.c.h; path = OTLPracticeWeekReportViewController.h; sourceTree = "<group>"; };
		9198C05127F7F17300BC069F /* CPISegementView.h */ = {isa = PBXFileReference; fileEncoding = 4; lastKnownFileType = sourcecode.c.h; path = CPISegementView.h; sourceTree = "<group>"; };
		9198C05227F7F17300BC069F /* CPISegementView.m */ = {isa = PBXFileReference; fileEncoding = 4; lastKnownFileType = sourcecode.c.objc; path = CPISegementView.m; sourceTree = "<group>"; };
		91B591092823A149008690B4 /* OTLDDLogFormatter.h */ = {isa = PBXFileReference; lastKnownFileType = sourcecode.c.h; path = OTLDDLogFormatter.h; sourceTree = "<group>"; };
		91B5910A2823A149008690B4 /* OTLDDLogFormatter.m */ = {isa = PBXFileReference; lastKnownFileType = sourcecode.c.objc; path = OTLDDLogFormatter.m; sourceTree = "<group>"; };
		91B5910C2823B761008690B4 /* OTLDDLogFileLogger.h */ = {isa = PBXFileReference; lastKnownFileType = sourcecode.c.h; path = OTLDDLogFileLogger.h; sourceTree = "<group>"; };
		91B5910D2823B761008690B4 /* OTLDDLogFileLogger.m */ = {isa = PBXFileReference; lastKnownFileType = sourcecode.c.objc; path = OTLDDLogFileLogger.m; sourceTree = "<group>"; };
		91B5910F2823BD61008690B4 /* OTLDDLogFileManagerDefault.h */ = {isa = PBXFileReference; lastKnownFileType = sourcecode.c.h; path = OTLDDLogFileManagerDefault.h; sourceTree = "<group>"; };
		91B591102823BD61008690B4 /* OTLDDLogFileManagerDefault.m */ = {isa = PBXFileReference; lastKnownFileType = sourcecode.c.objc; path = OTLDDLogFileManagerDefault.m; sourceTree = "<group>"; };
		91D640372826024000E132B6 /* OTLOfflineOneToOneSmartMajorBeforeClassVC.h */ = {isa = PBXFileReference; lastKnownFileType = sourcecode.c.h; path = OTLOfflineOneToOneSmartMajorBeforeClassVC.h; sourceTree = "<group>"; };
		91D640382826024000E132B6 /* OTLOfflineOneToOneSmartMajorBeforeClassVC.m */ = {isa = PBXFileReference; lastKnownFileType = sourcecode.c.objc; path = OTLOfflineOneToOneSmartMajorBeforeClassVC.m; sourceTree = "<group>"; };
		91D6403A2826052E00E132B6 /* OTLOfflineOneToOneSmartMajorBeforeClassLeftView.h */ = {isa = PBXFileReference; lastKnownFileType = sourcecode.c.h; path = OTLOfflineOneToOneSmartMajorBeforeClassLeftView.h; sourceTree = "<group>"; };
		91D6403B2826052E00E132B6 /* OTLOfflineOneToOneSmartMajorBeforeClassLeftView.m */ = {isa = PBXFileReference; lastKnownFileType = sourcecode.c.objc; path = OTLOfflineOneToOneSmartMajorBeforeClassLeftView.m; sourceTree = "<group>"; };
		91D6403D282612D700E132B6 /* OTLOfflineOneToOneSmartMajorBeforeClassRightView.h */ = {isa = PBXFileReference; lastKnownFileType = sourcecode.c.h; path = OTLOfflineOneToOneSmartMajorBeforeClassRightView.h; sourceTree = "<group>"; };
		91D6403E282612D700E132B6 /* OTLOfflineOneToOneSmartMajorBeforeClassRightView.m */ = {isa = PBXFileReference; lastKnownFileType = sourcecode.c.objc; path = OTLOfflineOneToOneSmartMajorBeforeClassRightView.m; sourceTree = "<group>"; };
		91D64040282618AA00E132B6 /* OTLBackClassView.h */ = {isa = PBXFileReference; lastKnownFileType = sourcecode.c.h; path = OTLBackClassView.h; sourceTree = "<group>"; };
		91D64041282618AA00E132B6 /* OTLBackClassView.m */ = {isa = PBXFileReference; lastKnownFileType = sourcecode.c.objc; path = OTLBackClassView.m; sourceTree = "<group>"; };
		91D640462826592900E132B6 /* OTLAfterClassSheetView.h */ = {isa = PBXFileReference; lastKnownFileType = sourcecode.c.h; path = OTLAfterClassSheetView.h; sourceTree = "<group>"; };
		91D640472826592900E132B6 /* OTLAfterClassSheetView.m */ = {isa = PBXFileReference; lastKnownFileType = sourcecode.c.objc; path = OTLAfterClassSheetView.m; sourceTree = "<group>"; };
		91D6404928265D0E00E132B6 /* OTLAfterClassSheetPerformanceCell.h */ = {isa = PBXFileReference; lastKnownFileType = sourcecode.c.h; path = OTLAfterClassSheetPerformanceCell.h; sourceTree = "<group>"; };
		91D6404A28265D0E00E132B6 /* OTLAfterClassSheetPerformanceCell.m */ = {isa = PBXFileReference; lastKnownFileType = sourcecode.c.objc; path = OTLAfterClassSheetPerformanceCell.m; sourceTree = "<group>"; };
		91D6404C2826635E00E132B6 /* OTLAfterClassSheetVideoCell.h */ = {isa = PBXFileReference; lastKnownFileType = sourcecode.c.h; path = OTLAfterClassSheetVideoCell.h; sourceTree = "<group>"; };
		91D6404D2826635E00E132B6 /* OTLAfterClassSheetVideoCell.m */ = {isa = PBXFileReference; lastKnownFileType = sourcecode.c.objc; path = OTLAfterClassSheetVideoCell.m; sourceTree = "<group>"; };
		91D6404F2826680F00E132B6 /* OTLAfterClassSheetPianoTaskCell.h */ = {isa = PBXFileReference; lastKnownFileType = sourcecode.c.h; path = OTLAfterClassSheetPianoTaskCell.h; sourceTree = "<group>"; };
		91D640502826680F00E132B6 /* OTLAfterClassSheetPianoTaskCell.m */ = {isa = PBXFileReference; lastKnownFileType = sourcecode.c.objc; path = OTLAfterClassSheetPianoTaskCell.m; sourceTree = "<group>"; };
		91D640522826686800E132B6 /* OTLAfterClassSheetCommentCell.h */ = {isa = PBXFileReference; lastKnownFileType = sourcecode.c.h; path = OTLAfterClassSheetCommentCell.h; sourceTree = "<group>"; };
		91D640532826686800E132B6 /* OTLAfterClassSheetCommentCell.m */ = {isa = PBXFileReference; lastKnownFileType = sourcecode.c.objc; path = OTLAfterClassSheetCommentCell.m; sourceTree = "<group>"; };
		91D640552826688D00E132B6 /* OTLAfterClassSheetEndClassCell.h */ = {isa = PBXFileReference; lastKnownFileType = sourcecode.c.h; path = OTLAfterClassSheetEndClassCell.h; sourceTree = "<group>"; };
		91D640562826688D00E132B6 /* OTLAfterClassSheetEndClassCell.m */ = {isa = PBXFileReference; lastKnownFileType = sourcecode.c.objc; path = OTLAfterClassSheetEndClassCell.m; sourceTree = "<group>"; };
/* End PBXFileReference section */

/* Begin PBXFrameworksBuildPhase section */
		9198BF9A27F594C800BC069F /* Frameworks */ = {
			isa = PBXFrameworksBuildPhase;
			buildActionMask = 2147483647;
			files = (
				34EFDAB3CDB904402C9A4921 /* libPods-OCTools.a in Frameworks */,
			);
			runOnlyForDeploymentPostprocessing = 0;
		};
/* End PBXFrameworksBuildPhase section */

/* Begin PBXGroup section */
		5551AEA372F2F5EFF4287A9F /* Frameworks */ = {
			isa = PBXGroup;
			children = (
				1D0B4649436608D22BC47675 /* libPods-OCTools.a */,
			);
			name = Frameworks;
			sourceTree = "<group>";
		};
		6D96906D27F93F2200678EAD /* Calculator */ = {
			isa = PBXGroup;
			children = (
				6D96906E27F93F5C00678EAD /* LCCaculatorViewController.h */,
				6D96906F27F93F5C00678EAD /* LCCaculatorViewController.m */,
			);
			path = Calculator;
			sourceTree = "<group>";
		};
		911E42D927F82E1F0088FCDF /* ThreeLevelLinkage */ = {
			isa = PBXGroup;
			children = (
				911E42DB27F82E1F0088FCDF /* city.plist */,
				911E42E227F82E1F0088FCDF /* ThreeLevelLinkageViewController.h */,
				911E42DA27F82E1F0088FCDF /* ThreeLevelLinkageViewController.m */,
				911E42DC27F82E1F0088FCDF /* view */,
			);
			path = ThreeLevelLinkage;
			sourceTree = "<group>";
		};
		911E42DC27F82E1F0088FCDF /* view */ = {
			isa = PBXGroup;
			children = (
				911E42DE27F82E1F0088FCDF /* subview */,
				911E42DD27F82E1F0088FCDF /* ThreeLevelLinkageSelectView.h */,
				911E42E127F82E1F0088FCDF /* ThreeLevelLinkageSelectView.m */,
			);
			path = view;
			sourceTree = "<group>";
		};
		911E42DE27F82E1F0088FCDF /* subview */ = {
			isa = PBXGroup;
			children = (
				911E42DF27F82E1F0088FCDF /* SelectFirstView.h */,
				911E42E027F82E1F0088FCDF /* SelectFirstView.m */,
			);
			path = subview;
			sourceTree = "<group>";
		};
		911E42E727F84B150088FCDF /* AI练琴房 */ = {
			isa = PBXGroup;
			children = (
				911E42E827F84B2D0088FCDF /* LCAIRoomViewController.h */,
				911E42E927F84B2D0088FCDF /* LCAIRoomViewController.m */,
				6D96906A27F932B800678EAD /* LCAIRoomLeftView.h */,
				6D96906B27F932B800678EAD /* LCAIRoomLeftView.m */,
			);
			path = "AI练琴房";
			sourceTree = "<group>";
		};
		9198BF9427F594C800BC069F = {
			isa = PBXGroup;
			children = (
				9198BF9F27F594C800BC069F /* OCTools */,
				9198BF9E27F594C800BC069F /* Products */,
				FF38C48554218EB4DEE59609 /* Pods */,
				5551AEA372F2F5EFF4287A9F /* Frameworks */,
			);
			sourceTree = "<group>";
		};
		9198BF9E27F594C800BC069F /* Products */ = {
			isa = PBXGroup;
			children = (
				9198BF9D27F594C800BC069F /* OCTools.app */,
			);
			name = Products;
			sourceTree = "<group>";
		};
		9198BF9F27F594C800BC069F /* OCTools */ = {
			isa = PBXGroup;
			children = (
				91B591082823A11A008690B4 /* DDLogManager */,
				9198BFE527F6ABC100BC069F /* Category */,
				9198BFD827F6A91000BC069F /* Mine */,
				9198BFD727F6A8EB00BC069F /* Entertainment */,
				9198BFD627F6A8AE00BC069F /* Discovery */,
				9198BFD527F6A89F00BC069F /* Square */,
				9198BFD327F6A81000BC069F /* Utils */,
				9198C02127F702AD00BC069F /* Tools */,
				9198BFC627F6A10000BC069F /* Login */,
				9198BFC427F5A71A00BC069F /* PrefixHeader */,
				9198BFC027F59C9100BC069F /* tabbar */,
				9198BFBD27F5992000BC069F /* Launch */,
				9198BFA027F594C800BC069F /* AppDelegate.h */,
				9198BFA127F594C800BC069F /* AppDelegate.m */,
				9198BFA327F594C800BC069F /* SceneDelegate.h */,
				9198BFA427F594C800BC069F /* SceneDelegate.m */,
				9198BFA627F594C800BC069F /* ViewController.h */,
				9198BFA727F594C800BC069F /* ViewController.m */,
				9198BFA927F594C800BC069F /* Main.storyboard */,
				9198BFAC27F594CA00BC069F /* Assets.xcassets */,
				9198BFAE27F594CA00BC069F /* LaunchScreen.storyboard */,
				9198BFB127F594CA00BC069F /* Info.plist */,
				9198BFB227F594CA00BC069F /* main.m */,
			);
			path = OCTools;
			sourceTree = "<group>";
		};
		9198BFBD27F5992000BC069F /* Launch */ = {
			isa = PBXGroup;
			children = (
				9198BFBE27F5992000BC069F /* launch.png */,
			);
			path = Launch;
			sourceTree = "<group>";
		};
		9198BFC027F59C9100BC069F /* tabbar */ = {
			isa = PBXGroup;
			children = (
				9198BFC127F59CE100BC069F /* LCMainTabBar.h */,
				9198BFC227F59CE100BC069F /* LCMainTabBar.m */,
				9198BFCE27F6A67B00BC069F /* LCMainTabBarController.h */,
				9198BFCF27F6A67B00BC069F /* LCMainTabBarController.m */,
				9198C02627F7EB4900BC069F /* MainNavigationController.h */,
				9198C02727F7EB4900BC069F /* MainNavigationController.m */,
			);
			path = tabbar;
			sourceTree = "<group>";
		};
		9198BFC427F5A71A00BC069F /* PrefixHeader */ = {
			isa = PBXGroup;
			children = (
				9198BFC527F5A77500BC069F /* OCToolsPrefixHeader.pch */,
			);
			path = PrefixHeader;
			sourceTree = "<group>";
		};
		9198BFC627F6A10000BC069F /* Login */ = {
			isa = PBXGroup;
			children = (
				9198BFC727F6A11B00BC069F /* LCLoginViewController.h */,
				9198BFC827F6A11B00BC069F /* LCLoginViewController.m */,
			);
			path = Login;
			sourceTree = "<group>";
		};
		9198BFD327F6A81000BC069F /* Utils */ = {
			isa = PBXGroup;
			children = (
				9198BFD427F6A82C00BC069F /* LCConfig.h */,
				9198BFFD27F6FA0400BC069F /* OTLCommonEnum.h */,
			);
			path = Utils;
			sourceTree = "<group>";
		};
		9198BFD527F6A89F00BC069F /* Square */ = {
			isa = PBXGroup;
			children = (
				9198C00227F6FEBF00BC069F /* otherTools */,
				9198C00127F6FEB200BC069F /* studentSide */,
				9198BFEC27F6F97800BC069F /* teacherSide */,
				9198BFD927F6A92100BC069F /* LCSquareViewController.h */,
				9198BFDA27F6A92100BC069F /* LCSquareViewController.m */,
				9198BFE927F6F71300BC069F /* LCSquareTableViewCell.h */,
				9198BFEA27F6F71300BC069F /* LCSquareTableViewCell.m */,
			);
			path = Square;
			sourceTree = "<group>";
		};
		9198BFD627F6A8AE00BC069F /* Discovery */ = {
			isa = PBXGroup;
			children = (
				9198BFDC27F6A92D00BC069F /* LCDiscoveryViewController.h */,
				9198BFDD27F6A92D00BC069F /* LCDiscoveryViewController.m */,
			);
			path = Discovery;
			sourceTree = "<group>";
		};
		9198BFD727F6A8EB00BC069F /* Entertainment */ = {
			isa = PBXGroup;
			children = (
				9198BFDF27F6A93A00BC069F /* LCEntertainmentViewController.h */,
				9198BFE027F6A93A00BC069F /* LCEntertainmentViewController.m */,
			);
			path = Entertainment;
			sourceTree = "<group>";
		};
		9198BFD827F6A91000BC069F /* Mine */ = {
			isa = PBXGroup;
			children = (
				9198BFE227F6A94200BC069F /* LCMineViewController.h */,
				9198BFE327F6A94200BC069F /* LCMineViewController.m */,
			);
			path = Mine;
			sourceTree = "<group>";
		};
		9198BFE527F6ABC100BC069F /* Category */ = {
			isa = PBXGroup;
			children = (
				9198BFE627F6ABD800BC069F /* UIImage+Tool.h */,
				9198BFE727F6ABD800BC069F /* UIImage+Tool.m */,
				9198C02D27F7EC0D00BC069F /* NSAttributedString+LLMake.h */,
				9198C02C27F7EC0D00BC069F /* NSAttributedString+LLMake.m */,
				9198C03727F7EC0D00BC069F /* NSData+Common.h */,
				9198C03127F7EC0D00BC069F /* NSData+Common.m */,
				9198C03A27F7EC0E00BC069F /* NSString+Common.h */,
				9198C02A27F7EC0D00BC069F /* NSString+Common.m */,
				9198C03227F7EC0D00BC069F /* UIColor+LLRandomColor.h */,
				9198C02927F7EC0D00BC069F /* UIColor+LLRandomColor.m */,
				9198C02E27F7EC0D00BC069F /* UIImage+Alpha.h */,
				9198C02F27F7EC0D00BC069F /* UIImage+Alpha.m */,
				9198C03927F7EC0E00BC069F /* UIImage+Common.h */,
				9198C03827F7EC0E00BC069F /* UIImage+Common.m */,
				9198C03427F7EC0D00BC069F /* UILabel+Common.h */,
				9198C03527F7EC0D00BC069F /* UILabel+Common.m */,
				9198C03327F7EC0D00BC069F /* UIView+PartRounded.h */,
				9198C03027F7EC0D00BC069F /* UIView+PartRounded.m */,
			);
			path = Category;
			sourceTree = "<group>";
		};
		9198BFEC27F6F97800BC069F /* teacherSide */ = {
			isa = PBXGroup;
			children = (
				91D640362826003200E132B6 /* 线下一对一智慧主课 */,
				911E42E727F84B150088FCDF /* AI练琴房 */,
				9198C04727F7EFA800BC069F /* 练琴周报 */,
				9198BFED27F6F97800BC069F /* 练琴任务 */,
				9198BFF627F6F97800BC069F /* OTLTeacherSideMainViewController.h */,
				9198BFF727F6F97800BC069F /* OTLTeacherSideMainViewController.m */,
			);
			path = teacherSide;
			sourceTree = "<group>";
		};
		9198BFED27F6F97800BC069F /* 练琴任务 */ = {
			isa = PBXGroup;
			children = (
				9198BFF527F6F97800BC069F /* OTLAddOrDeleteToolView.h */,
				9198BFF127F6F97800BC069F /* OTLAddOrDeleteToolView.m */,
				9198BFEE27F6F97800BC069F /* OTLPracticePianoCommonCellView.h */,
				9198BFF427F6F97800BC069F /* OTLPracticePianoCommonCellView.m */,
				9198BFEF27F6F97800BC069F /* OTLPracticePianoTaskFirstCell.h */,
				9198BFF327F6F97800BC069F /* OTLPracticePianoTaskFirstCell.m */,
				9198BFF027F6F97800BC069F /* OTLPracticePianoTaskViewController.h */,
				9198BFF227F6F97800BC069F /* OTLPracticePianoTaskViewController.m */,
				9198BFFE27F6FAF800BC069F /* OTLPracticePianoTaskSecondCell.h */,
				9198BFFF27F6FAF800BC069F /* OTLPracticePianoTaskSecondCell.m */,
			);
			path = "练琴任务";
			sourceTree = "<group>";
		};
		9198C00127F6FEB200BC069F /* studentSide */ = {
			isa = PBXGroup;
			children = (
			);
			path = studentSide;
			sourceTree = "<group>";
		};
		9198C00227F6FEBF00BC069F /* otherTools */ = {
			isa = PBXGroup;
			children = (
				6D96906D27F93F2200678EAD /* Calculator */,
				911E42D927F82E1F0088FCDF /* ThreeLevelLinkage */,
				9198C00327F6FECF00BC069F /* CallLogsBackup */,
				6D96906727F7248A00678EAD /* LCOtherToolsViewController.h */,
				6D96906827F7248A00678EAD /* LCOtherToolsViewController.m */,
			);
			path = otherTools;
			sourceTree = "<group>";
		};
		9198C00327F6FECF00BC069F /* CallLogsBackup */ = {
			isa = PBXGroup;
			children = (
				9198C01727F6FECF00BC069F /* MCCallLogsBackupViewController.h */,
				9198C00427F6FECF00BC069F /* MCCallLogsBackupViewController.m */,
				9198C00527F6FECF00BC069F /* model */,
				9198C00827F6FECF00BC069F /* view */,
			);
			path = CallLogsBackup;
			sourceTree = "<group>";
		};
		9198C00527F6FECF00BC069F /* model */ = {
			isa = PBXGroup;
			children = (
				9198C00627F6FECF00BC069F /* MCCallLogsBackupRecoveryRecordModel.h */,
				9198C00727F6FECF00BC069F /* MCCallLogsBackupRecoveryRecordModel.m */,
			);
			path = model;
			sourceTree = "<group>";
		};
		9198C00827F6FECF00BC069F /* view */ = {
			isa = PBXGroup;
			children = (
				9198C01327F6FECF00BC069F /* MCCallLogsBackupChooseRecoveryRecordView.h */,
				9198C00927F6FECF00BC069F /* MCCallLogsBackupChooseRecoveryRecordView.m */,
				9198C01427F6FECF00BC069F /* MCCallLogsBackupChooseRecoveryStyleView.h */,
				9198C00E27F6FECF00BC069F /* MCCallLogsBackupChooseRecoveryStyleView.m */,
				9198C01527F6FECF00BC069F /* MCCallLogsBackupFirstPartView.h */,
				9198C00D27F6FECF00BC069F /* MCCallLogsBackupFirstPartView.m */,
				9198C01227F6FECF00BC069F /* MCCallLogsBackupMainView.h */,
				9198C00A27F6FECF00BC069F /* MCCallLogsBackupMainView.m */,
				9198C00B27F6FECF00BC069F /* MCCallLogsBackupRecoveryRecordCell.h */,
				9198C01127F6FECF00BC069F /* MCCallLogsBackupRecoveryRecordCell.m */,
				9198C01627F6FECF00BC069F /* MCCallLogsBackupSecondPartView.h */,
				9198C00F27F6FECF00BC069F /* MCCallLogsBackupSecondPartView.m */,
				9198C00C27F6FECF00BC069F /* MCVideoMoreDetailView.h */,
				9198C01027F6FECF00BC069F /* MCVideoMoreDetailView.m */,
			);
			path = view;
			sourceTree = "<group>";
		};
		9198C02127F702AD00BC069F /* Tools */ = {
			isa = PBXGroup;
			children = (
				9198C05127F7F17300BC069F /* CPISegementView.h */,
				9198C05227F7F17300BC069F /* CPISegementView.m */,
				9198C02527F7031A00BC069F /* Singleton.h */,
				9198C02327F702E400BC069F /* TipProgress.h */,
				9198C02227F702E400BC069F /* TipProgress.m */,
				9198C04527F7EC7600BC069F /* PathUtility.h */,
				9198C04427F7EC7600BC069F /* PathUtility.m */,
			);
			path = Tools;
			sourceTree = "<group>";
		};
		9198C04727F7EFA800BC069F /* 练琴周报 */ = {
			isa = PBXGroup;
			children = (
				9198C04F27F7F14C00BC069F /* OTLPracticeWeekReportViewController.h */,
				9198C04E27F7F14C00BC069F /* OTLPracticeWeekReportViewController.m */,
				9198C04927F7F07600BC069F /* OTLWeekReportDetailTableViewCell.h */,
				9198C04827F7F07600BC069F /* OTLWeekReportDetailTableViewCell.m */,
				9198C04B27F7F07600BC069F /* OTLWeekReportDetailViewController.h */,
				9198C04A27F7F07600BC069F /* OTLWeekReportDetailViewController.m */,
			);
			path = "练琴周报";
			sourceTree = "<group>";
		};
		91B591082823A11A008690B4 /* DDLogManager */ = {
			isa = PBXGroup;
			children = (
				91B591092823A149008690B4 /* OTLDDLogFormatter.h */,
				91B5910A2823A149008690B4 /* OTLDDLogFormatter.m */,
				91B5910C2823B761008690B4 /* OTLDDLogFileLogger.h */,
				91B5910D2823B761008690B4 /* OTLDDLogFileLogger.m */,
				91B5910F2823BD61008690B4 /* OTLDDLogFileManagerDefault.h */,
				91B591102823BD61008690B4 /* OTLDDLogFileManagerDefault.m */,
			);
			path = DDLogManager;
			sourceTree = "<group>";
		};
		91D640362826003200E132B6 /* 线下一对一智慧主课 */ = {
			isa = PBXGroup;
			children = (
				91D640372826024000E132B6 /* OTLOfflineOneToOneSmartMajorBeforeClassVC.h */,
				91D640382826024000E132B6 /* OTLOfflineOneToOneSmartMajorBeforeClassVC.m */,
				91D6403A2826052E00E132B6 /* OTLOfflineOneToOneSmartMajorBeforeClassLeftView.h */,
				91D6403B2826052E00E132B6 /* OTLOfflineOneToOneSmartMajorBeforeClassLeftView.m */,
				91D6403D282612D700E132B6 /* OTLOfflineOneToOneSmartMajorBeforeClassRightView.h */,
				91D6403E282612D700E132B6 /* OTLOfflineOneToOneSmartMajorBeforeClassRightView.m */,
				91D64040282618AA00E132B6 /* OTLBackClassView.h */,
				91D64041282618AA00E132B6 /* OTLBackClassView.m */,
				91D640462826592900E132B6 /* OTLAfterClassSheetView.h */,
				91D640472826592900E132B6 /* OTLAfterClassSheetView.m */,
				91D6404928265D0E00E132B6 /* OTLAfterClassSheetPerformanceCell.h */,
				91D6404A28265D0E00E132B6 /* OTLAfterClassSheetPerformanceCell.m */,
				91D6404C2826635E00E132B6 /* OTLAfterClassSheetVideoCell.h */,
				91D6404D2826635E00E132B6 /* OTLAfterClassSheetVideoCell.m */,
				91D6404F2826680F00E132B6 /* OTLAfterClassSheetPianoTaskCell.h */,
				91D640502826680F00E132B6 /* OTLAfterClassSheetPianoTaskCell.m */,
				91D640522826686800E132B6 /* OTLAfterClassSheetCommentCell.h */,
				91D640532826686800E132B6 /* OTLAfterClassSheetCommentCell.m */,
				91D640552826688D00E132B6 /* OTLAfterClassSheetEndClassCell.h */,
				91D640562826688D00E132B6 /* OTLAfterClassSheetEndClassCell.m */,
				916A337B2828B1EA00898E3C /* OTLAfterClassSheetVideoCollectionCell.h */,
				916A337C2828B1EA00898E3C /* OTLAfterClassSheetVideoCollectionCell.m */,
				916A337E2828E80600898E3C /* OTLAfterClassSheetPianoTaskCollectionCell.h */,
				916A337F2828E80600898E3C /* OTLAfterClassSheetPianoTaskCollectionCell.m */,
				916A33802828E80600898E3C /* OTLAfterClassSheetPianoTaskCollectionCell.xib */,
				916A33832828F05A00898E3C /* OTLPianoTaskChooseCommonView.h */,
				916A33842828F05A00898E3C /* OTLPianoTaskChooseCommonView.m */,
			);
			path = "线下一对一智慧主课";
			sourceTree = "<group>";
		};
		FF38C48554218EB4DEE59609 /* Pods */ = {
			isa = PBXGroup;
			children = (
				57656EB50BF0E508CAB60E42 /* Pods-OCTools.debug.xcconfig */,
				2AAFD91B260ED2B7DE4A206B /* Pods-OCTools.release.xcconfig */,
			);
			path = Pods;
			sourceTree = "<group>";
		};
/* End PBXGroup section */

/* Begin PBXNativeTarget section */
		9198BF9C27F594C800BC069F /* OCTools */ = {
			isa = PBXNativeTarget;
			buildConfigurationList = 9198BFB627F594CA00BC069F /* Build configuration list for PBXNativeTarget "OCTools" */;
			buildPhases = (
				5705DA0037B3806D843A4F69 /* [CP] Check Pods Manifest.lock */,
				9198BF9927F594C800BC069F /* Sources */,
				9198BF9A27F594C800BC069F /* Frameworks */,
				9198BF9B27F594C800BC069F /* Resources */,
				EC470FD383E69D3103D715FF /* [CP] Copy Pods Resources */,
			);
			buildRules = (
			);
			dependencies = (
			);
			name = OCTools;
			productName = OCTools;
			productReference = 9198BF9D27F594C800BC069F /* OCTools.app */;
			productType = "com.apple.product-type.application";
		};
/* End PBXNativeTarget section */

/* Begin PBXProject section */
		9198BF9527F594C800BC069F /* Project object */ = {
			isa = PBXProject;
			attributes = {
				BuildIndependentTargetsInParallel = 1;
				LastUpgradeCheck = 1330;
				TargetAttributes = {
					9198BF9C27F594C800BC069F = {
						CreatedOnToolsVersion = 13.3;
					};
				};
			};
			buildConfigurationList = 9198BF9827F594C800BC069F /* Build configuration list for PBXProject "OCTools" */;
			compatibilityVersion = "Xcode 13.0";
			developmentRegion = en;
			hasScannedForEncodings = 0;
			knownRegions = (
				en,
				Base,
			);
			mainGroup = 9198BF9427F594C800BC069F;
			productRefGroup = 9198BF9E27F594C800BC069F /* Products */;
			projectDirPath = "";
			projectRoot = "";
			targets = (
				9198BF9C27F594C800BC069F /* OCTools */,
			);
		};
/* End PBXProject section */

/* Begin PBXResourcesBuildPhase section */
		9198BF9B27F594C800BC069F /* Resources */ = {
			isa = PBXResourcesBuildPhase;
			buildActionMask = 2147483647;
			files = (
				9198BFBF27F5992000BC069F /* launch.png in Resources */,
				9198BFB027F594CA00BC069F /* LaunchScreen.storyboard in Resources */,
				916A33822828E80600898E3C /* OTLAfterClassSheetPianoTaskCollectionCell.xib in Resources */,
				911E42E427F82E1F0088FCDF /* city.plist in Resources */,
				9198BFAD27F594CA00BC069F /* Assets.xcassets in Resources */,
				9198BFAB27F594C800BC069F /* Main.storyboard in Resources */,
			);
			runOnlyForDeploymentPostprocessing = 0;
		};
/* End PBXResourcesBuildPhase section */

/* Begin PBXShellScriptBuildPhase section */
		5705DA0037B3806D843A4F69 /* [CP] Check Pods Manifest.lock */ = {
			isa = PBXShellScriptBuildPhase;
			buildActionMask = 2147483647;
			files = (
			);
			inputFileListPaths = (
			);
			inputPaths = (
				"${PODS_PODFILE_DIR_PATH}/Podfile.lock",
				"${PODS_ROOT}/Manifest.lock",
			);
			name = "[CP] Check Pods Manifest.lock";
			outputFileListPaths = (
			);
			outputPaths = (
				"$(DERIVED_FILE_DIR)/Pods-OCTools-checkManifestLockResult.txt",
			);
			runOnlyForDeploymentPostprocessing = 0;
			shellPath = /bin/sh;
			shellScript = "diff \"${PODS_PODFILE_DIR_PATH}/Podfile.lock\" \"${PODS_ROOT}/Manifest.lock\" > /dev/null\nif [ $? != 0 ] ; then\n    # print error to STDERR\n    echo \"error: The sandbox is not in sync with the Podfile.lock. Run 'pod install' or update your CocoaPods installation.\" >&2\n    exit 1\nfi\n# This output is used by Xcode 'outputs' to avoid re-running this script phase.\necho \"SUCCESS\" > \"${SCRIPT_OUTPUT_FILE_0}\"\n";
			showEnvVarsInLog = 0;
		};
		EC470FD383E69D3103D715FF /* [CP] Copy Pods Resources */ = {
			isa = PBXShellScriptBuildPhase;
			buildActionMask = 2147483647;
			files = (
			);
			inputFileListPaths = (
				"${PODS_ROOT}/Target Support Files/Pods-OCTools/Pods-OCTools-resources-${CONFIGURATION}-input-files.xcfilelist",
			);
			name = "[CP] Copy Pods Resources";
			outputFileListPaths = (
				"${PODS_ROOT}/Target Support Files/Pods-OCTools/Pods-OCTools-resources-${CONFIGURATION}-output-files.xcfilelist",
			);
			runOnlyForDeploymentPostprocessing = 0;
			shellPath = /bin/sh;
			shellScript = "\"${PODS_ROOT}/Target Support Files/Pods-OCTools/Pods-OCTools-resources.sh\"\n";
			showEnvVarsInLog = 0;
		};
/* End PBXShellScriptBuildPhase section */

/* Begin PBXSourcesBuildPhase section */
		9198BF9927F594C800BC069F /* Sources */ = {
			isa = PBXSourcesBuildPhase;
			buildActionMask = 2147483647;
			files = (
				9198C02027F6FECF00BC069F /* MCCallLogsBackupRecoveryRecordCell.m in Sources */,
				911E42E627F82E1F0088FCDF /* ThreeLevelLinkageSelectView.m in Sources */,
				9198BFA827F594C800BC069F /* ViewController.m in Sources */,
				9198BFFC27F6F97800BC069F /* OTLTeacherSideMainViewController.m in Sources */,
				9198BFC927F6A11B00BC069F /* LCLoginViewController.m in Sources */,
				9198C03C27F7EC0E00BC069F /* NSString+Common.m in Sources */,
				9198BFEB27F6F71300BC069F /* LCSquareTableViewCell.m in Sources */,
				9198BFDB27F6A92100BC069F /* LCSquareViewController.m in Sources */,
				9198BFE827F6ABD800BC069F /* UIImage+Tool.m in Sources */,
				91D64042282618AA00E132B6 /* OTLBackClassView.m in Sources */,
				9198C01F27F6FECF00BC069F /* MCVideoMoreDetailView.m in Sources */,
				9198C03D27F7EC0E00BC069F /* NSAttributedString+LLMake.m in Sources */,
				6D96906C27F932B800678EAD /* LCAIRoomLeftView.m in Sources */,
				6D96906927F7248A00678EAD /* LCOtherToolsViewController.m in Sources */,
				9198C03F27F7EC0E00BC069F /* UIView+PartRounded.m in Sources */,
				91B5910B2823A149008690B4 /* OTLDDLogFormatter.m in Sources */,
				9198C01827F6FECF00BC069F /* MCCallLogsBackupViewController.m in Sources */,
				911E42E327F82E1F0088FCDF /* ThreeLevelLinkageViewController.m in Sources */,
				9198C00027F6FAF800BC069F /* OTLPracticePianoTaskSecondCell.m in Sources */,
				9198BFF927F6F97800BC069F /* OTLPracticePianoTaskViewController.m in Sources */,
				9198BFFA27F6F97800BC069F /* OTLPracticePianoTaskFirstCell.m in Sources */,
				916A337D2828B1EA00898E3C /* OTLAfterClassSheetVideoCollectionCell.m in Sources */,
				9198C04327F7EC0E00BC069F /* UIImage+Common.m in Sources */,
				9198C04C27F7F07600BC069F /* OTLWeekReportDetailTableViewCell.m in Sources */,
				9198C02427F702E400BC069F /* TipProgress.m in Sources */,
				9198BFA227F594C800BC069F /* AppDelegate.m in Sources */,
				91D640512826680F00E132B6 /* OTLAfterClassSheetPianoTaskCell.m in Sources */,
				9198C01C27F6FECF00BC069F /* MCCallLogsBackupFirstPartView.m in Sources */,
				9198C03E27F7EC0E00BC069F /* UIImage+Alpha.m in Sources */,
				9198C04027F7EC0E00BC069F /* NSData+Common.m in Sources */,
				91D640392826024000E132B6 /* OTLOfflineOneToOneSmartMajorBeforeClassVC.m in Sources */,
				9198C02827F7EB4900BC069F /* MainNavigationController.m in Sources */,
				9198C05027F7F14C00BC069F /* OTLPracticeWeekReportViewController.m in Sources */,
				9198C01B27F6FECF00BC069F /* MCCallLogsBackupMainView.m in Sources */,
				9198C04127F7EC0E00BC069F /* UILabel+Common.m in Sources */,
				9198C05327F7F17300BC069F /* CPISegementView.m in Sources */,
				91B5910E2823B761008690B4 /* OTLDDLogFileLogger.m in Sources */,
				916A33812828E80600898E3C /* OTLAfterClassSheetPianoTaskCollectionCell.m in Sources */,
				9198C03B27F7EC0E00BC069F /* UIColor+LLRandomColor.m in Sources */,
				9198C01927F6FECF00BC069F /* MCCallLogsBackupRecoveryRecordModel.m in Sources */,
				9198C01E27F6FECF00BC069F /* MCCallLogsBackupSecondPartView.m in Sources */,
				9198C04D27F7F07600BC069F /* OTLWeekReportDetailViewController.m in Sources */,
				9198C04627F7EC7600BC069F /* PathUtility.m in Sources */,
				91D640482826592900E132B6 /* OTLAfterClassSheetView.m in Sources */,
				9198BFFB27F6F97800BC069F /* OTLPracticePianoCommonCellView.m in Sources */,
				91B591112823BD61008690B4 /* OTLDDLogFileManagerDefault.m in Sources */,
				9198BFC327F59CE100BC069F /* LCMainTabBar.m in Sources */,
				9198C01A27F6FECF00BC069F /* MCCallLogsBackupChooseRecoveryRecordView.m in Sources */,
				9198BFDE27F6A92D00BC069F /* LCDiscoveryViewController.m in Sources */,
				9198BFE127F6A93A00BC069F /* LCEntertainmentViewController.m in Sources */,
				91D6404E2826635E00E132B6 /* OTLAfterClassSheetVideoCell.m in Sources */,
				911E42EA27F84B2D0088FCDF /* LCAIRoomViewController.m in Sources */,
				91D640572826688D00E132B6 /* OTLAfterClassSheetEndClassCell.m in Sources */,
				9198BFE427F6A94200BC069F /* LCMineViewController.m in Sources */,
				9198BFD127F6A67B00BC069F /* LCMainTabBarController.m in Sources */,
				916A33852828F05A00898E3C /* OTLPianoTaskChooseCommonView.m in Sources */,
				91D6403F282612D700E132B6 /* OTLOfflineOneToOneSmartMajorBeforeClassRightView.m in Sources */,
				911E42E527F82E1F0088FCDF /* SelectFirstView.m in Sources */,
				91D6403C2826052E00E132B6 /* OTLOfflineOneToOneSmartMajorBeforeClassLeftView.m in Sources */,
				91D640542826686800E132B6 /* OTLAfterClassSheetCommentCell.m in Sources */,
				9198C01D27F6FECF00BC069F /* MCCallLogsBackupChooseRecoveryStyleView.m in Sources */,
				6D96907027F93F5C00678EAD /* LCCaculatorViewController.m in Sources */,
				91D6404B28265D0E00E132B6 /* OTLAfterClassSheetPerformanceCell.m in Sources */,
				9198BFB327F594CA00BC069F /* main.m in Sources */,
				9198BFF827F6F97800BC069F /* OTLAddOrDeleteToolView.m in Sources */,
				9198BFA527F594C800BC069F /* SceneDelegate.m in Sources */,
			);
			runOnlyForDeploymentPostprocessing = 0;
		};
/* End PBXSourcesBuildPhase section */

/* Begin PBXVariantGroup section */
		9198BFA927F594C800BC069F /* Main.storyboard */ = {
			isa = PBXVariantGroup;
			children = (
				9198BFAA27F594C800BC069F /* Base */,
			);
			name = Main.storyboard;
			sourceTree = "<group>";
		};
		9198BFAE27F594CA00BC069F /* LaunchScreen.storyboard */ = {
			isa = PBXVariantGroup;
			children = (
				9198BFAF27F594CA00BC069F /* Base */,
			);
			name = LaunchScreen.storyboard;
			sourceTree = "<group>";
		};
/* End PBXVariantGroup section */

/* Begin XCBuildConfiguration section */
		9198BFB427F594CA00BC069F /* Debug */ = {
			isa = XCBuildConfiguration;
			buildSettings = {
				ALWAYS_SEARCH_USER_PATHS = NO;
				CLANG_ANALYZER_NONNULL = YES;
				CLANG_ANALYZER_NUMBER_OBJECT_CONVERSION = YES_AGGRESSIVE;
				CLANG_CXX_LANGUAGE_STANDARD = "gnu++17";
				CLANG_ENABLE_MODULES = YES;
				CLANG_ENABLE_OBJC_ARC = YES;
				CLANG_ENABLE_OBJC_WEAK = YES;
				CLANG_WARN_BLOCK_CAPTURE_AUTORELEASING = YES;
				CLANG_WARN_BOOL_CONVERSION = YES;
				CLANG_WARN_COMMA = YES;
				CLANG_WARN_CONSTANT_CONVERSION = YES;
				CLANG_WARN_DEPRECATED_OBJC_IMPLEMENTATIONS = YES;
				CLANG_WARN_DIRECT_OBJC_ISA_USAGE = YES_ERROR;
				CLANG_WARN_DOCUMENTATION_COMMENTS = YES;
				CLANG_WARN_EMPTY_BODY = YES;
				CLANG_WARN_ENUM_CONVERSION = YES;
				CLANG_WARN_INFINITE_RECURSION = YES;
				CLANG_WARN_INT_CONVERSION = YES;
				CLANG_WARN_NON_LITERAL_NULL_CONVERSION = YES;
				CLANG_WARN_OBJC_IMPLICIT_RETAIN_SELF = YES;
				CLANG_WARN_OBJC_LITERAL_CONVERSION = YES;
				CLANG_WARN_OBJC_ROOT_CLASS = YES_ERROR;
				CLANG_WARN_QUOTED_INCLUDE_IN_FRAMEWORK_HEADER = YES;
				CLANG_WARN_RANGE_LOOP_ANALYSIS = YES;
				CLANG_WARN_STRICT_PROTOTYPES = YES;
				CLANG_WARN_SUSPICIOUS_MOVE = YES;
				CLANG_WARN_UNGUARDED_AVAILABILITY = YES_AGGRESSIVE;
				CLANG_WARN_UNREACHABLE_CODE = YES;
				CLANG_WARN__DUPLICATE_METHOD_MATCH = YES;
				COPY_PHASE_STRIP = NO;
				DEBUG_INFORMATION_FORMAT = dwarf;
				ENABLE_STRICT_OBJC_MSGSEND = YES;
				ENABLE_TESTABILITY = YES;
				GCC_C_LANGUAGE_STANDARD = gnu11;
				GCC_DYNAMIC_NO_PIC = NO;
				GCC_NO_COMMON_BLOCKS = YES;
				GCC_OPTIMIZATION_LEVEL = 0;
				GCC_PREPROCESSOR_DEFINITIONS = (
					"DEBUG=1",
					"$(inherited)",
				);
				GCC_WARN_64_TO_32_BIT_CONVERSION = YES;
				GCC_WARN_ABOUT_RETURN_TYPE = YES_ERROR;
				GCC_WARN_UNDECLARED_SELECTOR = YES;
				GCC_WARN_UNINITIALIZED_AUTOS = YES_AGGRESSIVE;
				GCC_WARN_UNUSED_FUNCTION = YES;
				GCC_WARN_UNUSED_VARIABLE = YES;
				IPHONEOS_DEPLOYMENT_TARGET = 15.4;
				MTL_ENABLE_DEBUG_INFO = INCLUDE_SOURCE;
				MTL_FAST_MATH = YES;
				ONLY_ACTIVE_ARCH = YES;
				SDKROOT = iphoneos;
			};
			name = Debug;
		};
		9198BFB527F594CA00BC069F /* Release */ = {
			isa = XCBuildConfiguration;
			buildSettings = {
				ALWAYS_SEARCH_USER_PATHS = NO;
				CLANG_ANALYZER_NONNULL = YES;
				CLANG_ANALYZER_NUMBER_OBJECT_CONVERSION = YES_AGGRESSIVE;
				CLANG_CXX_LANGUAGE_STANDARD = "gnu++17";
				CLANG_ENABLE_MODULES = YES;
				CLANG_ENABLE_OBJC_ARC = YES;
				CLANG_ENABLE_OBJC_WEAK = YES;
				CLANG_WARN_BLOCK_CAPTURE_AUTORELEASING = YES;
				CLANG_WARN_BOOL_CONVERSION = YES;
				CLANG_WARN_COMMA = YES;
				CLANG_WARN_CONSTANT_CONVERSION = YES;
				CLANG_WARN_DEPRECATED_OBJC_IMPLEMENTATIONS = YES;
				CLANG_WARN_DIRECT_OBJC_ISA_USAGE = YES_ERROR;
				CLANG_WARN_DOCUMENTATION_COMMENTS = YES;
				CLANG_WARN_EMPTY_BODY = YES;
				CLANG_WARN_ENUM_CONVERSION = YES;
				CLANG_WARN_INFINITE_RECURSION = YES;
				CLANG_WARN_INT_CONVERSION = YES;
				CLANG_WARN_NON_LITERAL_NULL_CONVERSION = YES;
				CLANG_WARN_OBJC_IMPLICIT_RETAIN_SELF = YES;
				CLANG_WARN_OBJC_LITERAL_CONVERSION = YES;
				CLANG_WARN_OBJC_ROOT_CLASS = YES_ERROR;
				CLANG_WARN_QUOTED_INCLUDE_IN_FRAMEWORK_HEADER = YES;
				CLANG_WARN_RANGE_LOOP_ANALYSIS = YES;
				CLANG_WARN_STRICT_PROTOTYPES = YES;
				CLANG_WARN_SUSPICIOUS_MOVE = YES;
				CLANG_WARN_UNGUARDED_AVAILABILITY = YES_AGGRESSIVE;
				CLANG_WARN_UNREACHABLE_CODE = YES;
				CLANG_WARN__DUPLICATE_METHOD_MATCH = YES;
				COPY_PHASE_STRIP = NO;
				DEBUG_INFORMATION_FORMAT = "dwarf-with-dsym";
				ENABLE_NS_ASSERTIONS = NO;
				ENABLE_STRICT_OBJC_MSGSEND = YES;
				GCC_C_LANGUAGE_STANDARD = gnu11;
				GCC_NO_COMMON_BLOCKS = YES;
				GCC_WARN_64_TO_32_BIT_CONVERSION = YES;
				GCC_WARN_ABOUT_RETURN_TYPE = YES_ERROR;
				GCC_WARN_UNDECLARED_SELECTOR = YES;
				GCC_WARN_UNINITIALIZED_AUTOS = YES_AGGRESSIVE;
				GCC_WARN_UNUSED_FUNCTION = YES;
				GCC_WARN_UNUSED_VARIABLE = YES;
				IPHONEOS_DEPLOYMENT_TARGET = 15.4;
				MTL_ENABLE_DEBUG_INFO = NO;
				MTL_FAST_MATH = YES;
				SDKROOT = iphoneos;
				VALIDATE_PRODUCT = YES;
			};
			name = Release;
		};
		9198BFB727F594CA00BC069F /* Debug */ = {
			isa = XCBuildConfiguration;
			baseConfigurationReference = 57656EB50BF0E508CAB60E42 /* Pods-OCTools.debug.xcconfig */;
			buildSettings = {
				ASSETCATALOG_COMPILER_APPICON_NAME = AppIcon;
				ASSETCATALOG_COMPILER_GLOBAL_ACCENT_COLOR_NAME = AccentColor;
				CODE_SIGN_STYLE = Automatic;
				CURRENT_PROJECT_VERSION = 1;
				DEVELOPMENT_TEAM = TT9L7QSCDD;
				GCC_PREFIX_HEADER = "$(SRCROOT)/OCTools/PrefixHeader/OCToolsPrefixHeader.pch";
				GENERATE_INFOPLIST_FILE = YES;
				INFOPLIST_FILE = OCTools/Info.plist;
				INFOPLIST_KEY_UIApplicationSupportsIndirectInputEvents = YES;
				INFOPLIST_KEY_UILaunchStoryboardName = LaunchScreen;
				INFOPLIST_KEY_UIMainStoryboardFile = Main;
				INFOPLIST_KEY_UIRequiresFullScreen = YES;
				INFOPLIST_KEY_UISupportedInterfaceOrientations = "UIInterfaceOrientationPortrait UIInterfaceOrientationLandscapeLeft UIInterfaceOrientationLandscapeRight";
				INFOPLIST_KEY_UISupportedInterfaceOrientations_iPad = "UIInterfaceOrientationPortrait UIInterfaceOrientationPortraitUpsideDown UIInterfaceOrientationLandscapeLeft UIInterfaceOrientationLandscapeRight";
				INFOPLIST_KEY_UISupportedInterfaceOrientations_iPhone = "UIInterfaceOrientationPortrait UIInterfaceOrientationLandscapeLeft UIInterfaceOrientationLandscapeRight";
				IPHONEOS_DEPLOYMENT_TARGET = 10.0;
				LD_RUNPATH_SEARCH_PATHS = (
					"$(inherited)",
					"@executable_path/Frameworks",
				);
				MARKETING_VERSION = 1.0;
				PRODUCT_BUNDLE_IDENTIFIER = xx.OCTools;
				PRODUCT_NAME = "$(TARGET_NAME)";
				SWIFT_EMIT_LOC_STRINGS = YES;
				TARGETED_DEVICE_FAMILY = "1,2";
			};
			name = Debug;
		};
		9198BFB827F594CA00BC069F /* Release */ = {
			isa = XCBuildConfiguration;
			baseConfigurationReference = 2AAFD91B260ED2B7DE4A206B /* Pods-OCTools.release.xcconfig */;
			buildSettings = {
				ASSETCATALOG_COMPILER_APPICON_NAME = AppIcon;
				ASSETCATALOG_COMPILER_GLOBAL_ACCENT_COLOR_NAME = AccentColor;
				CODE_SIGN_STYLE = Automatic;
				CURRENT_PROJECT_VERSION = 1;
				DEVELOPMENT_TEAM = TT9L7QSCDD;
				GCC_PREFIX_HEADER = "$(SRCROOT)/OCTools/PrefixHeader/OCToolsPrefixHeader.pch";
				GENERATE_INFOPLIST_FILE = YES;
				INFOPLIST_FILE = OCTools/Info.plist;
				INFOPLIST_KEY_UIApplicationSupportsIndirectInputEvents = YES;
				INFOPLIST_KEY_UILaunchStoryboardName = LaunchScreen;
				INFOPLIST_KEY_UIMainStoryboardFile = Main;
				INFOPLIST_KEY_UIRequiresFullScreen = YES;
				INFOPLIST_KEY_UISupportedInterfaceOrientations = "UIInterfaceOrientationPortrait UIInterfaceOrientationLandscapeLeft UIInterfaceOrientationLandscapeRight";
				INFOPLIST_KEY_UISupportedInterfaceOrientations_iPad = "UIInterfaceOrientationPortrait UIInterfaceOrientationPortraitUpsideDown UIInterfaceOrientationLandscapeLeft UIInterfaceOrientationLandscapeRight";
				INFOPLIST_KEY_UISupportedInterfaceOrientations_iPhone = "UIInterfaceOrientationPortrait UIInterfaceOrientationLandscapeLeft UIInterfaceOrientationLandscapeRight";
				IPHONEOS_DEPLOYMENT_TARGET = 10.0;
				LD_RUNPATH_SEARCH_PATHS = (
					"$(inherited)",
					"@executable_path/Frameworks",
				);
				MARKETING_VERSION = 1.0;
				PRODUCT_BUNDLE_IDENTIFIER = xx.OCTools;
				PRODUCT_NAME = "$(TARGET_NAME)";
				SWIFT_EMIT_LOC_STRINGS = YES;
				TARGETED_DEVICE_FAMILY = "1,2";
			};
			name = Release;
		};
/* End XCBuildConfiguration section */

/* Begin XCConfigurationList section */
		9198BF9827F594C800BC069F /* Build configuration list for PBXProject "OCTools" */ = {
			isa = XCConfigurationList;
			buildConfigurations = (
				9198BFB427F594CA00BC069F /* Debug */,
				9198BFB527F594CA00BC069F /* Release */,
			);
			defaultConfigurationIsVisible = 0;
			defaultConfigurationName = Release;
		};
		9198BFB627F594CA00BC069F /* Build configuration list for PBXNativeTarget "OCTools" */ = {
			isa = XCConfigurationList;
			buildConfigurations = (
				9198BFB727F594CA00BC069F /* Debug */,
				9198BFB827F594CA00BC069F /* Release */,
			);
			defaultConfigurationIsVisible = 0;
			defaultConfigurationName = Release;
		};
/* End XCConfigurationList section */
	};
	rootObject = 9198BF9527F594C800BC069F /* Project object */;
}
